
Microsoft Visual Studio Solution File, Format Version 12.00
# Visual Studio Version 17
VisualStudioVersion = 17.13.35931.197
MinimumVisualStudioVersion = 10.0.40219.1
Project("{FAE04EC0-301F-11D3-BF4B-00C04F79EFBC}") = "MA_App.Presentation", "MA_App.Presentation\MA_App.Presentation.csproj", "{D7478426-7B9B-4B65-BF70-4D1D2B3FDC01}"
EndProject
Project("{FAE04EC0-301F-11D3-BF4B-00C04F79EFBC}") = "MA_App.Infrastructure", "MA_App.Infrastructure\MA_App.Infrastructure.csproj", "{09F7B360-1817-4ED8-B59D-DC15237DD19A}"
EndProject
Project("{FAE04EC0-301F-11D3-BF4B-00C04F79EFBC}") = "MA_App.Tests", "MA_App.Tests\MA_App.Tests.csproj", "{771D7F21-60CB-9A59-3119-89963997576E}"
EndProject
Global
	GlobalSection(SolutionConfigurationPlatforms) = preSolution
		Debug|Any CPU = Debug|Any CPU
		Release|Any CPU = Release|Any CPU
	EndGlobalSection
	GlobalSection(ProjectConfigurationPlatforms) = postSolution
		{D7478426-7B9B-4B65-BF70-4D1D2B3FDC01}.Debug|Any CPU.ActiveCfg = Debug|Any CPU
		{D7478426-7B9B-4B65-BF70-4D1D2B3FDC01}.Debug|Any CPU.Build.0 = Debug|Any CPU
		{D7478426-7B9B-4B65-BF70-4D1D2B3FDC01}.Release|Any CPU.ActiveCfg = Release|Any CPU
		{D7478426-7B9B-4B65-BF70-4D1D2B3FDC01}.Release|Any CPU.Build.0 = Release|Any CPU
		{09F7B360-1817-4ED8-B59D-DC15237DD19A}.Debug|Any CPU.ActiveCfg = Debug|Any CPU
		{09F7B360-1817-4ED8-B59D-DC15237DD19A}.Debug|Any CPU.Build.0 = Debug|Any CPU
		{09F7B360-1817-4ED8-B59D-DC15237DD19A}.Release|Any CPU.ActiveCfg = Release|Any CPU
		{09F7B360-1817-4ED8-B59D-DC15237DD19A}.Release|Any CPU.Build.0 = Release|Any CPU
		{771D7F21-60CB-9A59-3119-89963997576E}.Debug|Any CPU.ActiveCfg = Debug|Any CPU
		{771D7F21-60CB-9A59-3119-89963997576E}.Debug|Any CPU.Build.0 = Debug|Any CPU
		{771D7F21-60CB-9A59-3119-89963997576E}.Release|Any CPU.ActiveCfg = Release|Any CPU
		{771D7F21-60CB-9A59-3119-89963997576E}.Release|Any CPU.Build.0 = Release|Any CPU
	EndGlobalSection
	GlobalSection(SolutionProperties) = preSolution
		HideSolutionNode = FALSE
	EndGlobalSection
	GlobalSection(ExtensibilityGlobals) = postSolution
		SolutionGuid = {F0DE4683-CA02-4C7C-8A63-724461D5F8DC}
	EndGlobalSection
EndGlobal
