
Microsoft Visual Studio Solution File, Format Version 12.00
# Visual Studio Version 17
VisualStudioVersion = 17.13.35931.197
MinimumVisualStudioVersion = 10.0.40219.1
Project("{FAE04EC0-301F-11D3-BF4B-00C04F79EFBC}") = "MA_App.Domain", "MA_App.Domain\MA_App.Domain.csproj", "{FA317D93-7F5A-4456-9C71-2BF25DFFB9A9}"
EndProject
Project("{54A90642-561A-4BB1-A94E-469ADEE60C69}") = "ma_app.website", "ma_app.website\ma_app.website.esproj", "{1A8A4BA4-0079-D251-4DA2-3C4398D915D9}"
EndProject
Project("{FAE04EC0-301F-11D3-BF4B-00C04F79EFBC}") = "MA_App.Application", "MA_App.Application\MA_App.Application.csproj", "{FB0623D4-FF23-42D1-BAA8-A03D4717C2CE}"
EndProject
Project("{FAE04EC0-301F-11D3-BF4B-00C04F79EFBC}") = "MA_App.Presentation", "MA_App.Presentation\MA_App.Presentation.csproj", "{D7478426-7B9B-4B65-BF70-4D1D2B3FDC01}"
EndProject
Project("{FAE04EC0-301F-11D3-BF4B-00C04F79EFBC}") = "MA_App.Infrastructure", "MA_App.Infrastructure\MA_App.Infrastructure.csproj", "{09F7B360-1817-4ED8-B59D-DC15237DD19A}"
EndProject
Project("{FAE04EC0-301F-11D3-BF4B-00C04F79EFBC}") = "MA_App.Tests", "MA_App.Tests\MA_App.Tests.csproj", "{771D7F21-60CB-9A59-3119-89963997576E}"
EndProject
Global
	GlobalSection(SolutionConfigurationPlatforms) = preSolution
		Debug|Any CPU = Debug|Any CPU
		Release|Any CPU = Release|Any CPU
	EndGlobalSection
	GlobalSection(ProjectConfigurationPlatforms) = postSolution
		{FA317D93-7F5A-4456-9C71-2BF25DFFB9A9}.Debug|Any CPU.ActiveCfg = Debug|Any CPU
		{FA317D93-7F5A-4456-9C71-2BF25DFFB9A9}.Debug|Any CPU.Build.0 = Debug|Any CPU
		{FA317D93-7F5A-4456-9C71-2BF25DFFB9A9}.Release|Any CPU.ActiveCfg = Release|Any CPU
		{FA317D93-7F5A-4456-9C71-2BF25DFFB9A9}.Release|Any CPU.Build.0 = Release|Any CPU
		{1A8A4BA4-0079-D251-4DA2-3C4398D915D9}.Debug|Any CPU.ActiveCfg = Debug|Any CPU
		{1A8A4BA4-0079-D251-4DA2-3C4398D915D9}.Debug|Any CPU.Build.0 = Debug|Any CPU
		{1A8A4BA4-0079-D251-4DA2-3C4398D915D9}.Debug|Any CPU.Deploy.0 = Debug|Any CPU
		{1A8A4BA4-0079-D251-4DA2-3C4398D915D9}.Release|Any CPU.ActiveCfg = Release|Any CPU
		{1A8A4BA4-0079-D251-4DA2-3C4398D915D9}.Release|Any CPU.Build.0 = Release|Any CPU
		{1A8A4BA4-0079-D251-4DA2-3C4398D915D9}.Release|Any CPU.Deploy.0 = Release|Any CPU
		{FB0623D4-FF23-42D1-BAA8-A03D4717C2CE}.Debug|Any CPU.ActiveCfg = Debug|Any CPU
		{FB0623D4-FF23-42D1-BAA8-A03D4717C2CE}.Debug|Any CPU.Build.0 = Debug|Any CPU
		{FB0623D4-FF23-42D1-BAA8-A03D4717C2CE}.Release|Any CPU.ActiveCfg = Release|Any CPU
		{FB0623D4-FF23-42D1-BAA8-A03D4717C2CE}.Release|Any CPU.Build.0 = Release|Any CPU
		{D7478426-7B9B-4B65-BF70-4D1D2B3FDC01}.Debug|Any CPU.ActiveCfg = Debug|Any CPU
		{D7478426-7B9B-4B65-BF70-4D1D2B3FDC01}.Debug|Any CPU.Build.0 = Debug|Any CPU
		{D7478426-7B9B-4B65-BF70-4D1D2B3FDC01}.Release|Any CPU.ActiveCfg = Release|Any CPU
		{D7478426-7B9B-4B65-BF70-4D1D2B3FDC01}.Release|Any CPU.Build.0 = Release|Any CPU
		{09F7B360-1817-4ED8-B59D-DC15237DD19A}.Debug|Any CPU.ActiveCfg = Debug|Any CPU
		{09F7B360-1817-4ED8-B59D-DC15237DD19A}.Debug|Any CPU.Build.0 = Debug|Any CPU
		{09F7B360-1817-4ED8-B59D-DC15237DD19A}.Release|Any CPU.ActiveCfg = Release|Any CPU
		{09F7B360-1817-4ED8-B59D-DC15237DD19A}.Release|Any CPU.Build.0 = Release|Any CPU
		{771D7F21-60CB-9A59-3119-89963997576E}.Debug|Any CPU.ActiveCfg = Debug|Any CPU
		{771D7F21-60CB-9A59-3119-89963997576E}.Debug|Any CPU.Build.0 = Debug|Any CPU
		{771D7F21-60CB-9A59-3119-89963997576E}.Release|Any CPU.ActiveCfg = Release|Any CPU
		{771D7F21-60CB-9A59-3119-89963997576E}.Release|Any CPU.Build.0 = Release|Any CPU
	EndGlobalSection
	GlobalSection(SolutionProperties) = preSolution
		HideSolutionNode = FALSE
	EndGlobalSection
	GlobalSection(ExtensibilityGlobals) = postSolution
		SolutionGuid = {F0DE4683-CA02-4C7C-8A63-724461D5F8DC}
	EndGlobalSection
EndGlobal
